
Microsoft Visual Studio Solution File, Format Version 12.00
# Visual Studio Version 17
VisualStudioVersion = 17.13.35825.156
MinimumVisualStudioVersion = 10.0.40219.1
Project("{FAE04EC0-301F-11D3-BF4B-00C04F79EFBC}") = "CodeFirst", "CodeFirst.csproj", "{C307ABCA-0A82-4C83-BAAA-DB8CF330A901}"
EndProject
Global
	GlobalSection(SolutionConfigurationPlatforms) = preSolution
		Debug|Any CPU = Debug|Any CPU
		Release|Any CPU = Release|Any CPU
	EndGlobalSection
	GlobalSection(ProjectConfigurationPlatforms) = postSolution
		{C307ABCA-0A82-4C83-BAAA-DB8CF330A901}.Debug|Any CPU.ActiveCfg = Debug|Any CPU
		{C307ABCA-0A82-4C83-BAAA-DB8CF330A901}.Debug|Any CPU.Build.0 = Debug|Any CPU
		{C307ABCA-0A82-4C83-BAAA-DB8CF330A901}.Release|Any CPU.ActiveCfg = Release|Any CPU
		{C307ABCA-0A82-4C83-BAAA-DB8CF330A901}.Release|Any CPU.Build.0 = Release|Any CPU
	EndGlobalSection
	GlobalSection(SolutionProperties) = preSolution
		HideSolutionNode = FALSE
	EndGlobalSection
	GlobalSection(ExtensibilityGlobals) = postSolution
		SolutionGuid = {F93A27F2-7B73-4BDB-93EF-94FB4DA8DB39}
	EndGlobalSection
EndGlobal
